
Microsoft Visual Studio Solution File, Format Version 12.00
# Visual Studio Version 16
VisualStudioVersion = 16.0.30621.155
MinimumVisualStudioVersion = 10.0.40219.1
Project("{9A19103F-16F7-4668-BE54-9A1E7A4F7556}") = "BusinessLogic", "BusinessLogic\BusinessLogic.csproj", "{DC85C0F9-7E33-4C4C-AD71-F83007C33D2F}"
EndProject
Project("{9A19103F-16F7-4668-BE54-9A1E7A4F7556}") = "BusinessLogic.Security", "BusinessLogic.Security\BusinessLogic.Security.csproj", "{1ED85D54-9C3B-495B-82E8-B7C2300ECD0C}"
EndProject
Project("{9A19103F-16F7-4668-BE54-9A1E7A4F7556}") = "BusinessLogic.Tests", "BusinessLogic.Tests\BusinessLogic.Tests.csproj", "{61FD0A1D-44F5-4514-9F33-116ECC02F325}"
EndProject
Project("{9A19103F-16F7-4668-BE54-9A1E7A4F7556}") = "BusinessLogic.Interface", "BusinessLogic.Interface\BusinessLogic.Interface.csproj", "{19AF7FF7-A2A8-4E28-B170-F040DF64D20A}"
EndProject
Project("{FAE04EC0-301F-11D3-BF4B-00C04F79EFBC}") = "BusinessLogic.Model", "BusinessLogic.Model\BusinessLogic.Model.csproj", "{6E39E7B0-2DE0-49E8-825A-2CFDD01F0684}"
EndProject
Global
	GlobalSection(SolutionConfigurationPlatforms) = preSolution
		Debug|Any CPU = Debug|Any CPU
		Release|Any CPU = Release|Any CPU
	EndGlobalSection
	GlobalSection(ProjectConfigurationPlatforms) = postSolution
		{DC85C0F9-7E33-4C4C-AD71-F83007C33D2F}.Debug|Any CPU.ActiveCfg = Debug|Any CPU
		{DC85C0F9-7E33-4C4C-AD71-F83007C33D2F}.Debug|Any CPU.Build.0 = Debug|Any CPU
		{DC85C0F9-7E33-4C4C-AD71-F83007C33D2F}.Release|Any CPU.ActiveCfg = Release|Any CPU
		{DC85C0F9-7E33-4C4C-AD71-F83007C33D2F}.Release|Any CPU.Build.0 = Release|Any CPU
		{1ED85D54-9C3B-495B-82E8-B7C2300ECD0C}.Debug|Any CPU.ActiveCfg = Debug|Any CPU
		{1ED85D54-9C3B-495B-82E8-B7C2300ECD0C}.Debug|Any CPU.Build.0 = Debug|Any CPU
		{1ED85D54-9C3B-495B-82E8-B7C2300ECD0C}.Release|Any CPU.ActiveCfg = Release|Any CPU
		{1ED85D54-9C3B-495B-82E8-B7C2300ECD0C}.Release|Any CPU.Build.0 = Release|Any CPU
		{61FD0A1D-44F5-4514-9F33-116ECC02F325}.Debug|Any CPU.ActiveCfg = Debug|Any CPU
		{61FD0A1D-44F5-4514-9F33-116ECC02F325}.Debug|Any CPU.Build.0 = Debug|Any CPU
		{61FD0A1D-44F5-4514-9F33-116ECC02F325}.Release|Any CPU.ActiveCfg = Release|Any CPU
		{61FD0A1D-44F5-4514-9F33-116ECC02F325}.Release|Any CPU.Build.0 = Release|Any CPU
		{19AF7FF7-A2A8-4E28-B170-F040DF64D20A}.Debug|Any CPU.ActiveCfg = Debug|Any CPU
		{19AF7FF7-A2A8-4E28-B170-F040DF64D20A}.Debug|Any CPU.Build.0 = Debug|Any CPU
		{19AF7FF7-A2A8-4E28-B170-F040DF64D20A}.Release|Any CPU.ActiveCfg = Release|Any CPU
		{19AF7FF7-A2A8-4E28-B170-F040DF64D20A}.Release|Any CPU.Build.0 = Release|Any CPU
		{6E39E7B0-2DE0-49E8-825A-2CFDD01F0684}.Debug|Any CPU.ActiveCfg = Debug|Any CPU
		{6E39E7B0-2DE0-49E8-825A-2CFDD01F0684}.Debug|Any CPU.Build.0 = Debug|Any CPU
		{6E39E7B0-2DE0-49E8-825A-2CFDD01F0684}.Release|Any CPU.ActiveCfg = Release|Any CPU
		{6E39E7B0-2DE0-49E8-825A-2CFDD01F0684}.Release|Any CPU.Build.0 = Release|Any CPU
	EndGlobalSection
	GlobalSection(SolutionProperties) = preSolution
		HideSolutionNode = FALSE
	EndGlobalSection
	GlobalSection(ExtensibilityGlobals) = postSolution
		SolutionGuid = {54920025-9A54-46CE-BFD5-6917074419BE}
	EndGlobalSection
EndGlobal
